# THIS IS AN AUTOGENERATED FILE. DO NOT EDIT THIS FILE DIRECTLY.
# yarn lockfile v1


malta-browser-refresh@^1.2.15:
  version "1.2.15"
  resolved "https://registry.yarnpkg.com/malta-browser-refresh/-/malta-browser-refresh-1.2.15.tgz#f809276855ab978b480098204b6b4d04983021bb"
  integrity sha512-5ZwuPRhnTm5lQ8Sa5If90ls02TARHLWz3U8T3PE0iMdeFlH/N2105lw05H3aNY4FfYO3jChOj+R3BVKxe+orxA==
  dependencies:
    ws "^7.4.2"

malta-dev-srv@^1.1.7:
  version "1.1.7"
  resolved "https://registry.yarnpkg.com/malta-dev-srv/-/malta-dev-srv-1.1.7.tgz#eb2220cc0813acb7454df09646853f5556ef5e22"
  integrity sha512-piqBphgHdIzndyBP1H45GeGlRMhx5T4v7chGjF+UgtWU+e1qYDm5SBX9osBWnsPTLYc8lSOe1b2ljJmpgrYuWw==

malta@^4.1.28:
  version "4.1.28"
  resolved "https://registry.yarnpkg.com/malta/-/malta-4.1.28.tgz#8256257d107bf482184b3d1aa5298c84764b9497"
  integrity sha512-WS2KL+KTPZxjipARQ6tgMJKuO4LPFNzZjJd9s5Ga9GJ6EEvVVZIZcyZf5WNIe8ammSMcxwSPwut2ywpki66bvQ==

ws@^7.4.2:
  version "7.4.3"
  resolved "https://registry.yarnpkg.com/ws/-/ws-7.4.3.tgz#1f9643de34a543b8edb124bdcbc457ae55a6e5cd"
  integrity sha512-hr6vCR76GsossIRsr8OLR9acVVm1jyfEWvhbNjtgPOrfvAlKzvyeg/P6r8RuDjRyrcQoPQT7K0DGEPc7Ae6jzA==
